
Microsoft Visual Studio Solution File, Format Version 12.00
# Visual Studio Version 16
VisualStudioVersion = 16.0.29215.179
MinimumVisualStudioVersion = 10.0.40219.1
Project("{9A19103F-16F7-4668-BE54-9A1E7A4F7556}") = "CL.WebApi", "CL_WebApi\CL.WebApi.csproj", "{5FA2F04D-C045-4A4A-B444-E5A67DC38464}"
EndProject
Project("{2150E333-8FDC-42A3-9474-1A3956D46DE8}") = "01.CL.WebApi", "01.CL.WebApi", "{FDCD07B5-3DF7-4F6E-BB98-0030D8FAB383}"
EndProject
Project("{2150E333-8FDC-42A3-9474-1A3956D46DE8}") = "02.CL.Manager", "02.CL.Manager", "{4DFF4518-0CA0-4D8B-9974-3AE7EF06BDBD}"
EndProject
Project("{2150E333-8FDC-42A3-9474-1A3956D46DE8}") = "03.CL.Data", "03.CL.Data", "{E61F69F4-A97E-48EF-B582-E0F0EF76C321}"
EndProject
Project("{2150E333-8FDC-42A3-9474-1A3956D46DE8}") = "04.CL.Core", "04.CL.Core", "{46DE3656-4A59-4F91-810B-10EB1AC4E902}"
EndProject
Project("{2150E333-8FDC-42A3-9474-1A3956D46DE8}") = "05.CL.Tests", "05.CL.Tests", "{063E0A34-9493-493D-9DED-2E64206A9DE1}"
EndProject
Project("{9A19103F-16F7-4668-BE54-9A1E7A4F7556}") = "CL.Tests", "CL.Tests\CL.Tests.csproj", "{1652A445-12D7-48E8-9EB7-10ABF2679917}"
EndProject
Project("{9A19103F-16F7-4668-BE54-9A1E7A4F7556}") = "CL.Manager", "CL.Manager\CL.Manager.csproj", "{23EF0C08-0ABE-4A17-AB53-7E825BB5AC7E}"
EndProject
Project("{9A19103F-16F7-4668-BE54-9A1E7A4F7556}") = "CL.Data", "CL.Data\CL.Data.csproj", "{A90E3BF6-3943-4087-8BCC-896BC671B9B7}"
EndProject
Project("{9A19103F-16F7-4668-BE54-9A1E7A4F7556}") = "CL.Core", "CL.Core\CL.Core.csproj", "{B6A0E2AA-C0CD-4170-8659-046716F4FAA6}"
EndProject
Project("{FAE04EC0-301F-11D3-BF4B-00C04F79EFBC}") = "CL.Core.Shared", "CL.Core.Shared\CL.Core.Shared.csproj", "{7C56D3A8-3BB4-4F4C-93AC-376454AC0ABD}"
EndProject
Global
	GlobalSection(SolutionConfigurationPlatforms) = preSolution
		Debug|Any CPU = Debug|Any CPU
		Release|Any CPU = Release|Any CPU
	EndGlobalSection
	GlobalSection(ProjectConfigurationPlatforms) = postSolution
		{5FA2F04D-C045-4A4A-B444-E5A67DC38464}.Debug|Any CPU.ActiveCfg = Debug|Any CPU
		{5FA2F04D-C045-4A4A-B444-E5A67DC38464}.Debug|Any CPU.Build.0 = Debug|Any CPU
		{5FA2F04D-C045-4A4A-B444-E5A67DC38464}.Release|Any CPU.ActiveCfg = Release|Any CPU
		{5FA2F04D-C045-4A4A-B444-E5A67DC38464}.Release|Any CPU.Build.0 = Release|Any CPU
		{1652A445-12D7-48E8-9EB7-10ABF2679917}.Debug|Any CPU.ActiveCfg = Debug|Any CPU
		{1652A445-12D7-48E8-9EB7-10ABF2679917}.Debug|Any CPU.Build.0 = Debug|Any CPU
		{1652A445-12D7-48E8-9EB7-10ABF2679917}.Release|Any CPU.ActiveCfg = Release|Any CPU
		{1652A445-12D7-48E8-9EB7-10ABF2679917}.Release|Any CPU.Build.0 = Release|Any CPU
		{23EF0C08-0ABE-4A17-AB53-7E825BB5AC7E}.Debug|Any CPU.ActiveCfg = Debug|Any CPU
		{23EF0C08-0ABE-4A17-AB53-7E825BB5AC7E}.Debug|Any CPU.Build.0 = Debug|Any CPU
		{23EF0C08-0ABE-4A17-AB53-7E825BB5AC7E}.Release|Any CPU.ActiveCfg = Release|Any CPU
		{23EF0C08-0ABE-4A17-AB53-7E825BB5AC7E}.Release|Any CPU.Build.0 = Release|Any CPU
		{A90E3BF6-3943-4087-8BCC-896BC671B9B7}.Debug|Any CPU.ActiveCfg = Debug|Any CPU
		{A90E3BF6-3943-4087-8BCC-896BC671B9B7}.Debug|Any CPU.Build.0 = Debug|Any CPU
		{A90E3BF6-3943-4087-8BCC-896BC671B9B7}.Release|Any CPU.ActiveCfg = Release|Any CPU
		{A90E3BF6-3943-4087-8BCC-896BC671B9B7}.Release|Any CPU.Build.0 = Release|Any CPU
		{B6A0E2AA-C0CD-4170-8659-046716F4FAA6}.Debug|Any CPU.ActiveCfg = Debug|Any CPU
		{B6A0E2AA-C0CD-4170-8659-046716F4FAA6}.Debug|Any CPU.Build.0 = Debug|Any CPU
		{B6A0E2AA-C0CD-4170-8659-046716F4FAA6}.Release|Any CPU.ActiveCfg = Release|Any CPU
		{B6A0E2AA-C0CD-4170-8659-046716F4FAA6}.Release|Any CPU.Build.0 = Release|Any CPU
		{7C56D3A8-3BB4-4F4C-93AC-376454AC0ABD}.Debug|Any CPU.ActiveCfg = Debug|Any CPU
		{7C56D3A8-3BB4-4F4C-93AC-376454AC0ABD}.Debug|Any CPU.Build.0 = Debug|Any CPU
		{7C56D3A8-3BB4-4F4C-93AC-376454AC0ABD}.Release|Any CPU.ActiveCfg = Release|Any CPU
		{7C56D3A8-3BB4-4F4C-93AC-376454AC0ABD}.Release|Any CPU.Build.0 = Release|Any CPU
	EndGlobalSection
	GlobalSection(SolutionProperties) = preSolution
		HideSolutionNode = FALSE
	EndGlobalSection
	GlobalSection(NestedProjects) = preSolution
		{5FA2F04D-C045-4A4A-B444-E5A67DC38464} = {FDCD07B5-3DF7-4F6E-BB98-0030D8FAB383}
		{1652A445-12D7-48E8-9EB7-10ABF2679917} = {063E0A34-9493-493D-9DED-2E64206A9DE1}
		{23EF0C08-0ABE-4A17-AB53-7E825BB5AC7E} = {4DFF4518-0CA0-4D8B-9974-3AE7EF06BDBD}
		{A90E3BF6-3943-4087-8BCC-896BC671B9B7} = {E61F69F4-A97E-48EF-B582-E0F0EF76C321}
		{B6A0E2AA-C0CD-4170-8659-046716F4FAA6} = {46DE3656-4A59-4F91-810B-10EB1AC4E902}
		{7C56D3A8-3BB4-4F4C-93AC-376454AC0ABD} = {46DE3656-4A59-4F91-810B-10EB1AC4E902}
	EndGlobalSection
	GlobalSection(ExtensibilityGlobals) = postSolution
		SolutionGuid = {66A6C4DE-769D-4481-A34B-5B872B423107}
	EndGlobalSection
EndGlobal
